# THIS IS AN AUTOGENERATED FILE. DO NOT EDIT THIS FILE DIRECTLY.
# yarn lockfile v1


node-forge@^1.0.0:
  version "1.0.0"
  resolved "https://registry.yarnpkg.com/node-forge/-/node-forge-1.0.0.tgz#a025e3beeeb90d9cee37dae34d25b968ec3e6f15"
  integrity sha512-ShkiiAlzSsgH1IwGlA0jybk9vQTIOLyJ9nBd0JTuP+nzADJFLY0NoDijM2zvD/JaezooGu3G2p2FNxOAK6459g==
